# DuckDB-WASM, vendored onto our own origin. Fetched by scripts/fetch_duckdb.py.
b2b5b38cfff6773d2086086edd848ba4cbe96fa59d2985b4d563c5874d3179c2  apache-arrow.mjs
00d45e5e074b7f7e17e45daabacb0fb67248eac8bd638a72cd1b42dad23788e4  duckdb-eh.wasm
260b4773d2d78e5ab1106bc163ffd5b0b6eaeddedacf23190e9cafc9cc010d3d  duckdb-eh.worker.js
06385e236a4c03ee307678f7d7c474485efd4ddab3c61bfe52f25498f274721e  duckdb.mjs
e24fb2953c6a80e32d17fa3921f90f1f05ccbfa40f382e77702c1e6af9b79479  ext/v1.1.1/wasm_eh/parquet.duckdb_extension.wasm
e2e255fa750cc1ba9c2dbae40290cc8cb00a39546c926f86a49164ad1dea308f  flatbuffers.mjs
4f4982b6423bc56309d1d97cc76b26a4dc0e36c6cec7fee540a2ff8e0f408115  tslib.mjs
